{
  "version": "4",
  "specifiers": {
    "jsr:@oazmi/esbuild-plugin-deno@~0.4.4": "0.4.4",
    "jsr:@oazmi/kitchensink@0.9.14": "0.9.14",
    "jsr:@std/fs@^1.0.19": "1.0.19",
    "jsr:@std/internal@^1.0.9": "1.0.10",
    "jsr:@std/path@^1.1.1": "1.1.1",
    "jsr:@supabase/supabase-js@^2.58.0": "2.58.0",
    "npm:@supabase/auth-js@2.72.0": "2.72.0",
    "npm:@supabase/functions-js@2.5.0": "2.5.0",
    "npm:@supabase/node-fetch@2.6.15": "2.6.15",
    "npm:@supabase/postgrest-js@1.21.4": "1.21.4",
    "npm:@supabase/realtime-js@2.15.5": "2.15.5",
    "npm:@supabase/storage-js@2.12.2": "2.12.2",
    "npm:esbuild@~0.25.11": "0.25.11"
  },
  "jsr": {
    "@oazmi/esbuild-plugin-deno@0.4.4": {
      "integrity": "08b03f9cac9c9a606a27bd1c4896c1cf08a5b8a43400b78910dcc32a5d20217f",
      "dependencies": [
        "jsr:@oazmi/kitchensink"
      ]
    },
    "@oazmi/kitchensink@0.9.14": {
      "integrity": "3510645cd38bfc03f391e64c2cafb075fbc33f334f8891f0498d95444878a11d"
    },
    "@std/fs@1.0.19": {
      "integrity": "051968c2b1eae4d2ea9f79a08a3845740ef6af10356aff43d3e2ef11ed09fb06",
      "dependencies": [
        "jsr:@std/internal",
        "jsr:@std/path"
      ]
    },
    "@std/internal@1.0.10": {
      "integrity": "e3be62ce42cab0e177c27698e5d9800122f67b766a0bea6ca4867886cbde8cf7"
    },
    "@std/path@1.1.1": {
      "integrity": "fe00026bd3a7e6a27f73709b83c607798be40e20c81dde655ce34052fd82ec76",
      "dependencies": [
        "jsr:@std/internal"
      ]
    },
    "@supabase/supabase-js@2.58.0": {
      "integrity": "4d04e72e9f632b451ac7d1a84de0b85249c0097fdf06253f371c1f0a23e62c87",
      "dependencies": [
        "npm:@supabase/auth-js",
        "npm:@supabase/functions-js",
        "npm:@supabase/node-fetch",
        "npm:@supabase/postgrest-js",
        "npm:@supabase/realtime-js",
        "npm:@supabase/storage-js"
      ]
    }
  },
  "npm": {
    "@esbuild/aix-ppc64@0.25.11": {
      "integrity": "sha512-Xt1dOL13m8u0WE8iplx9Ibbm+hFAO0GsU2P34UNoDGvZYkY8ifSiy6Zuc1lYxfG7svWE2fzqCUmFp5HCn51gJg=="
    },
    "@esbuild/android-arm64@0.25.11": {
      "integrity": "sha512-9slpyFBc4FPPz48+f6jyiXOx/Y4v34TUeDDXJpZqAWQn/08lKGeD8aDp9TMn9jDz2CiEuHwfhRmGBvpnd/PWIQ=="
    },
    "@esbuild/android-arm@0.25.11": {
      "integrity": "sha512-uoa7dU+Dt3HYsethkJ1k6Z9YdcHjTrSb5NUy66ZfZaSV8hEYGD5ZHbEMXnqLFlbBflLsl89Zke7CAdDJ4JI+Gg=="
    },
    "@esbuild/android-x64@0.25.11": {
      "integrity": "sha512-Sgiab4xBjPU1QoPEIqS3Xx+R2lezu0LKIEcYe6pftr56PqPygbB7+szVnzoShbx64MUupqoE0KyRlN7gezbl8g=="
    },
    "@esbuild/darwin-arm64@0.25.11": {
      "integrity": "sha512-VekY0PBCukppoQrycFxUqkCojnTQhdec0vevUL/EDOCnXd9LKWqD/bHwMPzigIJXPhC59Vd1WFIL57SKs2mg4w=="
    },
    "@esbuild/darwin-x64@0.25.11": {
      "integrity": "sha512-+hfp3yfBalNEpTGp9loYgbknjR695HkqtY3d3/JjSRUyPg/xd6q+mQqIb5qdywnDxRZykIHs3axEqU6l1+oWEQ=="
    },
    "@esbuild/freebsd-arm64@0.25.11": {
      "integrity": "sha512-CmKjrnayyTJF2eVuO//uSjl/K3KsMIeYeyN7FyDBjsR3lnSJHaXlVoAK8DZa7lXWChbuOk7NjAc7ygAwrnPBhA=="
    },
    "@esbuild/freebsd-x64@0.25.11": {
      "integrity": "sha512-Dyq+5oscTJvMaYPvW3x3FLpi2+gSZTCE/1ffdwuM6G1ARang/mb3jvjxs0mw6n3Lsw84ocfo9CrNMqc5lTfGOw=="
    },
    "@esbuild/linux-arm64@0.25.11": {
      "integrity": "sha512-Qr8AzcplUhGvdyUF08A1kHU3Vr2O88xxP0Tm8GcdVOUm25XYcMPp2YqSVHbLuXzYQMf9Bh/iKx7YPqECs6ffLA=="
    },
    "@esbuild/linux-arm@0.25.11": {
      "integrity": "sha512-TBMv6B4kCfrGJ8cUPo7vd6NECZH/8hPpBHHlYI3qzoYFvWu2AdTvZNuU/7hsbKWqu/COU7NIK12dHAAqBLLXgw=="
    },
    "@esbuild/linux-ia32@0.25.11": {
      "integrity": "sha512-TmnJg8BMGPehs5JKrCLqyWTVAvielc615jbkOirATQvWWB1NMXY77oLMzsUjRLa0+ngecEmDGqt5jiDC6bfvOw=="
    },
    "@esbuild/linux-loong64@0.25.11": {
      "integrity": "sha512-DIGXL2+gvDaXlaq8xruNXUJdT5tF+SBbJQKbWy/0J7OhU8gOHOzKmGIlfTTl6nHaCOoipxQbuJi7O++ldrxgMw=="
    },
    "@esbuild/linux-mips64el@0.25.11": {
      "integrity": "sha512-Osx1nALUJu4pU43o9OyjSCXokFkFbyzjXb6VhGIJZQ5JZi8ylCQ9/LFagolPsHtgw6himDSyb5ETSfmp4rpiKQ=="
    },
    "@esbuild/linux-ppc64@0.25.11": {
      "integrity": "sha512-nbLFgsQQEsBa8XSgSTSlrnBSrpoWh7ioFDUmwo158gIm5NNP+17IYmNWzaIzWmgCxq56vfr34xGkOcZ7jX6CPw=="
    },
    "@esbuild/linux-riscv64@0.25.11": {
      "integrity": "sha512-HfyAmqZi9uBAbgKYP1yGuI7tSREXwIb438q0nqvlpxAOs3XnZ8RsisRfmVsgV486NdjD7Mw2UrFSw51lzUk1ww=="
    },
    "@esbuild/linux-s390x@0.25.11": {
      "integrity": "sha512-HjLqVgSSYnVXRisyfmzsH6mXqyvj0SA7pG5g+9W7ESgwA70AXYNpfKBqh1KbTxmQVaYxpzA/SvlB9oclGPbApw=="
    },
    "@esbuild/linux-x64@0.25.11": {
      "integrity": "sha512-HSFAT4+WYjIhrHxKBwGmOOSpphjYkcswF449j6EjsjbinTZbp8PJtjsVK1XFJStdzXdy/jaddAep2FGY+wyFAQ=="
    },
    "@esbuild/netbsd-arm64@0.25.11": {
      "integrity": "sha512-hr9Oxj1Fa4r04dNpWr3P8QKVVsjQhqrMSUzZzf+LZcYjZNqhA3IAfPQdEh1FLVUJSiu6sgAwp3OmwBfbFgG2Xg=="
    },
    "@esbuild/netbsd-x64@0.25.11": {
      "integrity": "sha512-u7tKA+qbzBydyj0vgpu+5h5AeudxOAGncb8N6C9Kh1N4n7wU1Xw1JDApsRjpShRpXRQlJLb9wY28ELpwdPcZ7A=="
    },
    "@esbuild/openbsd-arm64@0.25.11": {
      "integrity": "sha512-Qq6YHhayieor3DxFOoYM1q0q1uMFYb7cSpLD2qzDSvK1NAvqFi8Xgivv0cFC6J+hWVw2teCYltyy9/m/14ryHg=="
    },
    "@esbuild/openbsd-x64@0.25.11": {
      "integrity": "sha512-CN+7c++kkbrckTOz5hrehxWN7uIhFFlmS/hqziSFVWpAzpWrQoAG4chH+nN3Be+Kzv/uuo7zhX716x3Sn2Jduw=="
    },
    "@esbuild/openharmony-arm64@0.25.11": {
      "integrity": "sha512-rOREuNIQgaiR+9QuNkbkxubbp8MSO9rONmwP5nKncnWJ9v5jQ4JxFnLu4zDSRPf3x4u+2VN4pM4RdyIzDty/wQ=="
    },
    "@esbuild/sunos-x64@0.25.11": {
      "integrity": "sha512-nq2xdYaWxyg9DcIyXkZhcYulC6pQ2FuCgem3LI92IwMgIZ69KHeY8T4Y88pcwoLIjbed8n36CyKoYRDygNSGhA=="
    },
    "@esbuild/win32-arm64@0.25.11": {
      "integrity": "sha512-3XxECOWJq1qMZ3MN8srCJ/QfoLpL+VaxD/WfNRm1O3B4+AZ/BnLVgFbUV3eiRYDMXetciH16dwPbbHqwe1uU0Q=="
    },
    "@esbuild/win32-ia32@0.25.11": {
      "integrity": "sha512-3ukss6gb9XZ8TlRyJlgLn17ecsK4NSQTmdIXRASVsiS2sQ6zPPZklNJT5GR5tE/MUarymmy8kCEf5xPCNCqVOA=="
    },
    "@esbuild/win32-x64@0.25.11": {
      "integrity": "sha512-D7Hpz6A2L4hzsRpPaCYkQnGOotdUpDzSGRIv9I+1ITdHROSFUWW95ZPZWQmGka1Fg7W3zFJowyn9WGwMJ0+KPA=="
    },
    "@supabase/auth-js@2.72.0": {
      "integrity": "sha512-4+bnUrtTDK1YD0/FCx2YtMiQH5FGu9Jlf4IQi5kcqRwRwqp2ey39V61nHNdH86jm3DIzz0aZKiWfTW8qXk1swQ==",
      "dependencies": [
        "@supabase/node-fetch"
      ]
    },
    "@supabase/functions-js@2.5.0": {
      "integrity": "sha512-SXBx6Jvp+MOBekeKFu+G11YLYPeVeGQl23eYyAG9+Ro0pQ1aIP0UZNIBxHKNHqxzR0L0n6gysNr2KT3841NATw==",
      "dependencies": [
        "@supabase/node-fetch"
      ]
    },
    "@supabase/node-fetch@2.6.15": {
      "integrity": "sha512-1ibVeYUacxWYi9i0cf5efil6adJ9WRyZBLivgjs+AUpewx1F3xPi7gLgaASI2SmIQxPoCEjAsLAzKPgMJVgOUQ==",
      "dependencies": [
        "whatwg-url"
      ]
    },
    "@supabase/postgrest-js@1.21.4": {
      "integrity": "sha512-TxZCIjxk6/dP9abAi89VQbWWMBbybpGWyvmIzTd79OeravM13OjR/YEYeyUOPcM1C3QyvXkvPZhUfItvmhY1IQ==",
      "dependencies": [
        "@supabase/node-fetch"
      ]
    },
    "@supabase/realtime-js@2.15.5": {
      "integrity": "sha512-/Rs5Vqu9jejRD8ZeuaWXebdkH+J7V6VySbCZ/zQM93Ta5y3mAmocjioa/nzlB6qvFmyylUgKVS1KpE212t30OA==",
      "dependencies": [
        "@supabase/node-fetch",
        "@types/phoenix",
        "@types/ws",
        "ws"
      ]
    },
    "@supabase/storage-js@2.12.2": {
      "integrity": "sha512-SiySHxi3q7gia7NBYpsYRu8gyI0NhFwSORMxbZIxJ/zAVkN6QpwDRan158CJ+UdzD4WB/rQMAGRqIJQP+7ccAQ==",
      "dependencies": [
        "@supabase/node-fetch"
      ]
    },
    "@types/node@22.12.0": {
      "integrity": "sha512-Fll2FZ1riMjNmlmJOdAyY5pUbkftXslB5DgEzlIuNaiWhXd00FhWxVC/r4yV/4wBb9JfImTu+jiSvXTkJ7F/gA==",
      "dependencies": [
        "undici-types"
      ]
    },
    "@types/phoenix@1.6.6": {
      "integrity": "sha512-PIzZZlEppgrpoT2QgbnDU+MMzuR6BbCjllj0bM70lWoejMeNJAxCchxnv7J3XFkI8MpygtRpzXrIlmWUBclP5A=="
    },
    "@types/ws@8.18.1": {
      "integrity": "sha512-ThVF6DCVhA8kUGy+aazFQ4kXQ7E1Ty7A3ypFOe0IcJV8O/M511G99AW24irKrW56Wt44yG9+ij8FaqoBGkuBXg==",
      "dependencies": [
        "@types/node"
      ]
    },
    "esbuild@0.25.11": {
      "integrity": "sha512-KohQwyzrKTQmhXDW1PjCv3Tyspn9n5GcY2RTDqeORIdIJY8yKIF7sTSopFmn/wpMPW4rdPXI0UE5LJLuq3bx0Q==",
      "dependencies": [
        "@esbuild/aix-ppc64",
        "@esbuild/android-arm",
        "@esbuild/android-arm64",
        "@esbuild/android-x64",
        "@esbuild/darwin-arm64",
        "@esbuild/darwin-x64",
        "@esbuild/freebsd-arm64",
        "@esbuild/freebsd-x64",
        "@esbuild/linux-arm",
        "@esbuild/linux-arm64",
        "@esbuild/linux-ia32",
        "@esbuild/linux-loong64",
        "@esbuild/linux-mips64el",
        "@esbuild/linux-ppc64",
        "@esbuild/linux-riscv64",
        "@esbuild/linux-s390x",
        "@esbuild/linux-x64",
        "@esbuild/netbsd-arm64",
        "@esbuild/netbsd-x64",
        "@esbuild/openbsd-arm64",
        "@esbuild/openbsd-x64",
        "@esbuild/openharmony-arm64",
        "@esbuild/sunos-x64",
        "@esbuild/win32-arm64",
        "@esbuild/win32-ia32",
        "@esbuild/win32-x64"
      ]
    },
    "tr46@0.0.3": {
      "integrity": "sha512-N3WMsuqV66lT30CrXNbEjx4GEwlow3v6rr4mCcv6prnfwhS01rkgyFdjPNBYd9br7LpXV1+Emh01fHnq2Gdgrw=="
    },
    "undici-types@6.20.0": {
      "integrity": "sha512-Ny6QZ2Nju20vw1SRHe3d9jVu6gJ+4e3+MMpqu7pqE5HT6WsTSlce++GQmK5UXS8mzV8DSYHrQH+Xrf2jVcuKNg=="
    },
    "webidl-conversions@3.0.1": {
      "integrity": "sha512-2JAn3z8AR6rjK8Sm8orRC0h/bcl/DqL7tRPdGZ4I1CjdF+EaMLmYxBHyXuKL849eucPFhvBoxMsflfOb8kxaeQ=="
    },
    "whatwg-url@5.0.0": {
      "integrity": "sha512-saE57nupxk6v3HY35+jzBwYa0rKSy0XR8JSxZPwgLr7ys0IBzhGviA1/TUGJLmSVqs8pb9AnvICXEuOHLprYTw==",
      "dependencies": [
        "tr46",
        "webidl-conversions"
      ]
    },
    "ws@8.18.3": {
      "integrity": "sha512-PEIGCY5tSlUt50cqyMXfCzX+oOPqN0vuGqWzbcJ2xvnkzkq46oOpz7dQaTDBdfICb4N14+GARUDw2XV2N4tvzg=="
    }
  },
  "workspace": {
    "dependencies": [
      "jsr:@oazmi/esbuild-plugin-deno@~0.4.4",
      "jsr:@std/fs@^1.0.19",
      "jsr:@supabase/supabase-js@^2.58.0",
      "npm:esbuild@~0.25.11"
    ]
  }
}
